{
  "version": 4,
  "terraform_version": "0.12.21",
  "serial": 2,
  "lineage": "9de27509-dd40-6d1c-2989-fcfcfd94c2f9",
  "outputs": {},
  "resources": [
    {
      "mode": "managed",
      "type": "google_app_engine_application",
      "name": "indy-rest-service",
      "provider": "provider.google",
      "instances": [
        {
          "schema_version": 0,
          "attributes": {
            "app_id": "blissful-flames-207709",
            "auth_domain": "gmail.com",
            "code_bucket": "staging.blissful-flames-207709.appspot.com",
            "default_bucket": "blissful-flames-207709.appspot.com",
            "default_hostname": "blissful-flames-207709.appspot.com",
            "feature_settings": [
              {
                "split_health_checks": true
              }
            ],
            "gcr_domain": "eu.gcr.io",
            "iap": [],
            "id": "blissful-flames-207709",
            "location_id": "europe-west6",
            "name": "apps/blissful-flames-207709",
            "project": "blissful-flames-207709",
            "serving_status": "SERVING",
            "url_dispatch_rule": []
          },
          "private": "eyJzY2hlbWFfdmVyc2lvbiI6IjAifQ=="
        }
      ]
    },
    {
      "mode": "managed",
      "type": "google_project",
      "name": "test",
      "provider": "provider.google",
      "instances": [
        {
          "schema_version": 1,
          "attributes": {
            "auto_create_network": true,
            "billing_account": null,
            "folder_id": "",
            "id": "projects/blissful-flames-207709",
            "labels": {},
            "name": "test",
            "number": "699840157101",
            "org_id": "396435930941",
            "project_id": "blissful-flames-207709",
            "skip_delete": null,
            "timeouts": {
              "create": null,
              "delete": null,
              "read": null,
              "update": null
            }
          },
          "private": "eyJlMmJmYjczMC1lY2FhLTExZTYtOGY4OC0zNDM2M2JjN2M0YzAiOnsiY3JlYXRlIjoyNDAwMDAwMDAwMDAsImRlbGV0ZSI6MjQwMDAwMDAwMDAwLCJyZWFkIjoyNDAwMDAwMDAwMDAsInVwZGF0ZSI6MjQwMDAwMDAwMDAwfSwic2NoZW1hX3ZlcnNpb24iOiIxIn0="
        }
      ]
    }
  ]
}
